// !$*UTF8*$!
{
	archiveVersion = 1;
	classes = {
	};
	objectVersion = 55;
	objects = {

/* Begin PBXBuildFile section */
		DC4500012773E822001025F5 /* Assets.xcassets in Resources */ = {isa = PBXBuildFile; fileRef = DC4500002773E822001025F5 /* Assets.xcassets */; };
		DC4500042773E822001025F5 /* Preview Assets.xcassets in Resources */ = {isa = PBXBuildFile; fileRef = DC4500032773E822001025F5 /* Preview Assets.xcassets */; };
		DC45000F2774013E001025F5 /* gif.swift in Sources */ = {isa = PBXBuildFile; fileRef = DC45000E2774013E001025F5 /* gif.swift */; };
		DC450019277418BC001025F5 /* dd.mp3 in Resources */ = {isa = PBXBuildFile; fileRef = DC450018277418BC001025F5 /* dd.mp3 */; };
		DC45001D27741A25001025F5 /* gif2.swift in Sources */ = {isa = PBXBuildFile; fileRef = DC45001C27741A24001025F5 /* gif2.swift */; };
		DC450025277445FD001025F5 /* gif3.swift in Sources */ = {isa = PBXBuildFile; fileRef = DC450024277445FC001025F5 /* gif3.swift */; };
		DC45FFFD2773E821001025F5 /* AnimeApp.swift in Sources */ = {isa = PBXBuildFile; fileRef = DC45FFFC2773E821001025F5 /* AnimeApp.swift */; };
		DC45FFFF2773E821001025F5 /* ContentView.swift in Sources */ = {isa = PBXBuildFile; fileRef = DC45FFFE2773E821001025F5 /* ContentView.swift */; };
		DC6113EC277549DC00B6EC73 /* 4.png in Resources */ = {isa = PBXBuildFile; fileRef = DC6113EB277549DC00B6EC73 /* 4.png */; };
		DCD536692774607B008A1E0E /* ff.gif in Resources */ = {isa = PBXBuildFile; fileRef = DCD536682774607B008A1E0E /* ff.gif */; };
/* End PBXBuildFile section */

/* Begin PBXFileReference section */
		DC4500002773E822001025F5 /* Assets.xcassets */ = {isa = PBXFileReference; lastKnownFileType = folder.assetcatalog; path = Assets.xcassets; sourceTree = "<group>"; };
		DC4500032773E822001025F5 /* Preview Assets.xcassets */ = {isa = PBXFileReference; lastKnownFileType = folder.assetcatalog; path = "Preview Assets.xcassets"; sourceTree = "<group>"; };
		DC45000E2774013E001025F5 /* gif.swift */ = {isa = PBXFileReference; lastKnownFileType = sourcecode.swift; path = gif.swift; sourceTree = "<group>"; };
		DC450018277418BC001025F5 /* dd.mp3 */ = {isa = PBXFileReference; lastKnownFileType = audio.mp3; path = dd.mp3; sourceTree = "<group>"; };
		DC45001C27741A24001025F5 /* gif2.swift */ = {isa = PBXFileReference; lastKnownFileType = sourcecode.swift; path = gif2.swift; sourceTree = "<group>"; };
		DC450024277445FC001025F5 /* gif3.swift */ = {isa = PBXFileReference; lastKnownFileType = sourcecode.swift; path = gif3.swift; sourceTree = "<group>"; };
		DC45FFF92773E821001025F5 /* Anime.app */ = {isa = PBXFileReference; explicitFileType = wrapper.application; includeInIndex = 0; path = Anime.app; sourceTree = BUILT_PRODUCTS_DIR; };
		DC45FFFC2773E821001025F5 /* AnimeApp.swift */ = {isa = PBXFileReference; lastKnownFileType = sourcecode.swift; path = AnimeApp.swift; sourceTree = "<group>"; };
		DC45FFFE2773E821001025F5 /* ContentView.swift */ = {isa = PBXFileReference; lastKnownFileType = sourcecode.swift; path = ContentView.swift; sourceTree = "<group>"; tabWidth = 3; };
		DC6113EB277549DC00B6EC73 /* 4.png */ = {isa = PBXFileReference; lastKnownFileType = image.png; path = 4.png; sourceTree = "<group>"; };
		DCD536682774607B008A1E0E /* ff.gif */ = {isa = PBXFileReference; lastKnownFileType = image.gif; path = ff.gif; sourceTree = "<group>"; };
/* End PBXFileReference section */

/* Begin PBXFrameworksBuildPhase section */
		DC45FFF62773E821001025F5 /* Frameworks */ = {
			isa = PBXFrameworksBuildPhase;
			buildActionMask = 2147483647;
			files = (
			);
			runOnlyForDeploymentPostprocessing = 0;
		};
/* End PBXFrameworksBuildPhase section */

/* Begin PBXGroup section */
		DC4500022773E822001025F5 /* Preview Content */ = {
			isa = PBXGroup;
			children = (
				DC4500032773E822001025F5 /* Preview Assets.xcassets */,
			);
			path = "Preview Content";
			sourceTree = "<group>";
		};
		DC45FFF02773E821001025F5 = {
			isa = PBXGroup;
			children = (
				DC45FFFB2773E821001025F5 /* Anime */,
				DC45FFFA2773E821001025F5 /* Products */,
			);
			sourceTree = "<group>";
		};
		DC45FFFA2773E821001025F5 /* Products */ = {
			isa = PBXGroup;
			children = (
				DC45FFF92773E821001025F5 /* Anime.app */,
			);
			name = Products;
			sourceTree = "<group>";
		};
		DC45FFFB2773E821001025F5 /* Anime */ = {
			isa = PBXGroup;
			children = (
				DC45FFFC2773E821001025F5 /* AnimeApp.swift */,
				DC45FFFE2773E821001025F5 /* ContentView.swift */,
				DC450018277418BC001025F5 /* dd.mp3 */,
				DC6113EB277549DC00B6EC73 /* 4.png */,
				DCD536682774607B008A1E0E /* ff.gif */,
				DC450024277445FC001025F5 /* gif3.swift */,
				DC45000E2774013E001025F5 /* gif.swift */,
				DC45001C27741A24001025F5 /* gif2.swift */,
				DC4500002773E822001025F5 /* Assets.xcassets */,
				DC4500022773E822001025F5 /* Preview Content */,
			);
			path = Anime;
			sourceTree = "<group>";
		};
/* End PBXGroup section */

/* Begin PBXNativeTarget section */
		DC45FFF82773E821001025F5 /* Anime */ = {
			isa = PBXNativeTarget;
			buildConfigurationList = DC4500072773E822001025F5 /* Build configuration list for PBXNativeTarget "Anime" */;
			buildPhases = (
				DC45FFF52773E821001025F5 /* Sources */,
				DC45FFF62773E821001025F5 /* Frameworks */,
				DC45FFF72773E821001025F5 /* Resources */,
			);
			buildRules = (
			);
			dependencies = (
			);
			name = Anime;
			productName = Anime;
			productReference = DC45FFF92773E821001025F5 /* Anime.app */;
			productType = "com.apple.product-type.application";
		};
/* End PBXNativeTarget section */

/* Begin PBXProject section */
		DC45FFF12773E821001025F5 /* Project object */ = {
			isa = PBXProject;
			attributes = {
				BuildIndependentTargetsInParallel = 1;
				LastSwiftUpdateCheck = 1310;
				LastUpgradeCheck = 1310;
				TargetAttributes = {
					DC45FFF82773E821001025F5 = {
						CreatedOnToolsVersion = 13.1;
					};
				};
			};
			buildConfigurationList = DC45FFF42773E821001025F5 /* Build configuration list for PBXProject "Anime" */;
			compatibilityVersion = "Xcode 13.0";
			developmentRegion = en;
			hasScannedForEncodings = 0;
			knownRegions = (
				en,
				Base,
			);
			mainGroup = DC45FFF02773E821001025F5;
			productRefGroup = DC45FFFA2773E821001025F5 /* Products */;
			projectDirPath = "";
			projectRoot = "";
			targets = (
				DC45FFF82773E821001025F5 /* Anime */,
			);
		};
/* End PBXProject section */

/* Begin PBXResourcesBuildPhase section */
		DC45FFF72773E821001025F5 /* Resources */ = {
			isa = PBXResourcesBuildPhase;
			buildActionMask = 2147483647;
			files = (
				DC4500042773E822001025F5 /* Preview Assets.xcassets in Resources */,
				DC6113EC277549DC00B6EC73 /* 4.png in Resources */,
				DC4500012773E822001025F5 /* Assets.xcassets in Resources */,
				DC450019277418BC001025F5 /* dd.mp3 in Resources */,
				DCD536692774607B008A1E0E /* ff.gif in Resources */,
			);
			runOnlyForDeploymentPostprocessing = 0;
		};
/* End PBXResourcesBuildPhase section */

/* Begin PBXSourcesBuildPhase section */
		DC45FFF52773E821001025F5 /* Sources */ = {
			isa = PBXSourcesBuildPhase;
			buildActionMask = 2147483647;
			files = (
				DC45FFFF2773E821001025F5 /* ContentView.swift in Sources */,
				DC45001D27741A25001025F5 /* gif2.swift in Sources */,
				DC450025277445FD001025F5 /* gif3.swift in Sources */,
				DC45000F2774013E001025F5 /* gif.swift in Sources */,
				DC45FFFD2773E821001025F5 /* AnimeApp.swift in Sources */,
			);
			runOnlyForDeploymentPostprocessing = 0;
		};
/* End PBXSourcesBuildPhase section */

/* Begin XCBuildConfiguration section */
		DC4500052773E822001025F5 /* Debug */ = {
			isa = XCBuildConfiguration;
			buildSettings = {
				ALWAYS_SEARCH_USER_PATHS = NO;
				CLANG_ANALYZER_NONNULL = YES;
				CLANG_ANALYZER_NUMBER_OBJECT_CONVERSION = YES_AGGRESSIVE;
				CLANG_CXX_LANGUAGE_STANDARD = "gnu++17";
				CLANG_CXX_LIBRARY = "libc++";
				CLANG_ENABLE_MODULES = YES;
				CLANG_ENABLE_OBJC_ARC = YES;
				CLANG_ENABLE_OBJC_WEAK = YES;
				CLANG_WARN_BLOCK_CAPTURE_AUTORELEASING = YES;
				CLANG_WARN_BOOL_CONVERSION = YES;
				CLANG_WARN_COMMA = YES;
				CLANG_WARN_CONSTANT_CONVERSION = YES;
				CLANG_WARN_DEPRECATED_OBJC_IMPLEMENTATIONS = YES;
				CLANG_WARN_DIRECT_OBJC_ISA_USAGE = YES_ERROR;
				CLANG_WARN_DOCUMENTATION_COMMENTS = YES;
				CLANG_WARN_EMPTY_BODY = YES;
				CLANG_WARN_ENUM_CONVERSION = YES;
				CLANG_WARN_INFINITE_RECURSION = YES;
				CLANG_WARN_INT_CONVERSION = YES;
				CLANG_WARN_NON_LITERAL_NULL_CONVERSION = YES;
				CLANG_WARN_OBJC_IMPLICIT_RETAIN_SELF = YES;
				CLANG_WARN_OBJC_LITERAL_CONVERSION = YES;
				CLANG_WARN_OBJC_ROOT_CLASS = YES_ERROR;
				CLANG_WARN_QUOTED_INCLUDE_IN_FRAMEWORK_HEADER = YES;
				CLANG_WARN_RANGE_LOOP_ANALYSIS = YES;
				CLANG_WARN_STRICT_PROTOTYPES = YES;
				CLANG_WARN_SUSPICIOUS_MOVE = YES;
				CLANG_WARN_UNGUARDED_AVAILABILITY = YES_AGGRESSIVE;
				CLANG_WARN_UNREACHABLE_CODE = YES;
				CLANG_WARN__DUPLICATE_METHOD_MATCH = YES;
				COPY_PHASE_STRIP = NO;
				DEBUG_INFORMATION_FORMAT = dwarf;
				ENABLE_STRICT_OBJC_MSGSEND = YES;
				ENABLE_TESTABILITY = YES;
				GCC_C_LANGUAGE_STANDARD = gnu11;
				GCC_DYNAMIC_NO_PIC = NO;
				GCC_NO_COMMON_BLOCKS = YES;
				GCC_OPTIMIZATION_LEVEL = 0;
				GCC_PREPROCESSOR_DEFINITIONS = (
					"DEBUG=1",
					"$(inherited)",
				);
				GCC_WARN_64_TO_32_BIT_CONVERSION = YES;
				GCC_WARN_ABOUT_RETURN_TYPE = YES_ERROR;
				GCC_WARN_UNDECLARED_SELECTOR = YES;
				GCC_WARN_UNINITIALIZED_AUTOS = YES_AGGRESSIVE;
				GCC_WARN_UNUSED_FUNCTION = YES;
				GCC_WARN_UNUSED_VARIABLE = YES;
				IPHONEOS_DEPLOYMENT_TARGET = 15.0;
				MTL_ENABLE_DEBUG_INFO = INCLUDE_SOURCE;
				MTL_FAST_MATH = YES;
				ONLY_ACTIVE_ARCH = YES;
				SDKROOT = iphoneos;
				SWIFT_ACTIVE_COMPILATION_CONDITIONS = DEBUG;
				SWIFT_OPTIMIZATION_LEVEL = "-Onone";
			};
			name = Debug;
		};
		DC4500062773E822001025F5 /* Release */ = {
			isa = XCBuildConfiguration;
			buildSettings = {
				ALWAYS_SEARCH_USER_PATHS = NO;
				CLANG_ANALYZER_NONNULL = YES;
				CLANG_ANALYZER_NUMBER_OBJECT_CONVERSION = YES_AGGRESSIVE;
				CLANG_CXX_LANGUAGE_STANDARD = "gnu++17";
				CLANG_CXX_LIBRARY = "libc++";
				CLANG_ENABLE_MODULES = YES;
				CLANG_ENABLE_OBJC_ARC = YES;
				CLANG_ENABLE_OBJC_WEAK = YES;
				CLANG_WARN_BLOCK_CAPTURE_AUTORELEASING = YES;
				CLANG_WARN_BOOL_CONVERSION = YES;
				CLANG_WARN_COMMA = YES;
				CLANG_WARN_CONSTANT_CONVERSION = YES;
				CLANG_WARN_DEPRECATED_OBJC_IMPLEMENTATIONS = YES;
				CLANG_WARN_DIRECT_OBJC_ISA_USAGE = YES_ERROR;
				CLANG_WARN_DOCUMENTATION_COMMENTS = YES;
				CLANG_WARN_EMPTY_BODY = YES;
				CLANG_WARN_ENUM_CONVERSION = YES;
				CLANG_WARN_INFINITE_RECURSION = YES;
				CLANG_WARN_INT_CONVERSION = YES;
				CLANG_WARN_NON_LITERAL_NULL_CONVERSION = YES;
				CLANG_WARN_OBJC_IMPLICIT_RETAIN_SELF = YES;
				CLANG_WARN_OBJC_LITERAL_CONVERSION = YES;
				CLANG_WARN_OBJC_ROOT_CLASS = YES_ERROR;
				CLANG_WARN_QUOTED_INCLUDE_IN_FRAMEWORK_HEADER = YES;
				CLANG_WARN_RANGE_LOOP_ANALYSIS = YES;
				CLANG_WARN_STRICT_PROTOTYPES = YES;
				CLANG_WARN_SUSPICIOUS_MOVE = YES;
				CLANG_WARN_UNGUARDED_AVAILABILITY = YES_AGGRESSIVE;
				CLANG_WARN_UNREACHABLE_CODE = YES;
				CLANG_WARN__DUPLICATE_METHOD_MATCH = YES;
				COPY_PHASE_STRIP = NO;
				DEBUG_INFORMATION_FORMAT = "dwarf-with-dsym";
				ENABLE_NS_ASSERTIONS = NO;
				ENABLE_STRICT_OBJC_MSGSEND = YES;
				GCC_C_LANGUAGE_STANDARD = gnu11;
				GCC_NO_COMMON_BLOCKS = YES;
				GCC_WARN_64_TO_32_BIT_CONVERSION = YES;
				GCC_WARN_ABOUT_RETURN_TYPE = YES_ERROR;
				GCC_WARN_UNDECLARED_SELECTOR = YES;
				GCC_WARN_UNINITIALIZED_AUTOS = YES_AGGRESSIVE;
				GCC_WARN_UNUSED_FUNCTION = YES;
				GCC_WARN_UNUSED_VARIABLE = YES;
				IPHONEOS_DEPLOYMENT_TARGET = 15.0;
				MTL_ENABLE_DEBUG_INFO = NO;
				MTL_FAST_MATH = YES;
				SDKROOT = iphoneos;
				SWIFT_COMPILATION_MODE = wholemodule;
				SWIFT_OPTIMIZATION_LEVEL = "-O";
				VALIDATE_PRODUCT = YES;
			};
			name = Release;
		};
		DC4500082773E822001025F5 /* Debug */ = {
			isa = XCBuildConfiguration;
			buildSettings = {
				ASSETCATALOG_COMPILER_APPICON_NAME = AppIcon;
				ASSETCATALOG_COMPILER_GLOBAL_ACCENT_COLOR_NAME = AccentColor;
				CODE_SIGN_STYLE = Automatic;
				CURRENT_PROJECT_VERSION = 1;
				DEVELOPMENT_ASSET_PATHS = "\"Anime/Preview Content\"";
				DEVELOPMENT_TEAM = 55GA7YXM52;
				ENABLE_PREVIEWS = YES;
				GENERATE_INFOPLIST_FILE = YES;
				INFOPLIST_KEY_UIApplicationSceneManifest_Generation = YES;
				INFOPLIST_KEY_UIApplicationSupportsIndirectInputEvents = YES;
				INFOPLIST_KEY_UILaunchScreen_Generation = YES;
				INFOPLIST_KEY_UISupportedInterfaceOrientations_iPad = "UIInterfaceOrientationPortrait UIInterfaceOrientationPortraitUpsideDown UIInterfaceOrientationLandscapeLeft UIInterfaceOrientationLandscapeRight";
				INFOPLIST_KEY_UISupportedInterfaceOrientations_iPhone = "UIInterfaceOrientationPortrait UIInterfaceOrientationLandscapeLeft UIInterfaceOrientationLandscapeRight";
				LD_RUNPATH_SEARCH_PATHS = (
					"$(inherited)",
					"@executable_path/Frameworks",
				);
				MARKETING_VERSION = 1.0;
				PRODUCT_BUNDLE_IDENTIFIER = Kinder.Anime;
				PRODUCT_NAME = "$(TARGET_NAME)";
				SWIFT_EMIT_LOC_STRINGS = YES;
				SWIFT_VERSION = 5.0;
				TARGETED_DEVICE_FAMILY = "1,2";
			};
			name = Debug;
		};
		DC4500092773E822001025F5 /* Release */ = {
			isa = XCBuildConfiguration;
			buildSettings = {
				ASSETCATALOG_COMPILER_APPICON_NAME = AppIcon;
				ASSETCATALOG_COMPILER_GLOBAL_ACCENT_COLOR_NAME = AccentColor;
				CODE_SIGN_STYLE = Automatic;
				CURRENT_PROJECT_VERSION = 1;
				DEVELOPMENT_ASSET_PATHS = "\"Anime/Preview Content\"";
				DEVELOPMENT_TEAM = 55GA7YXM52;
				ENABLE_PREVIEWS = YES;
				GENERATE_INFOPLIST_FILE = YES;
				INFOPLIST_KEY_UIApplicationSceneManifest_Generation = YES;
				INFOPLIST_KEY_UIApplicationSupportsIndirectInputEvents = YES;
				INFOPLIST_KEY_UILaunchScreen_Generation = YES;
				INFOPLIST_KEY_UISupportedInterfaceOrientations_iPad = "UIInterfaceOrientationPortrait UIInterfaceOrientationPortraitUpsideDown UIInterfaceOrientationLandscapeLeft UIInterfaceOrientationLandscapeRight";
				INFOPLIST_KEY_UISupportedInterfaceOrientations_iPhone = "UIInterfaceOrientationPortrait UIInterfaceOrientationLandscapeLeft UIInterfaceOrientationLandscapeRight";
				LD_RUNPATH_SEARCH_PATHS = (
					"$(inherited)",
					"@executable_path/Frameworks",
				);
				MARKETING_VERSION = 1.0;
				PRODUCT_BUNDLE_IDENTIFIER = Kinder.Anime;
				PRODUCT_NAME = "$(TARGET_NAME)";
				SWIFT_EMIT_LOC_STRINGS = YES;
				SWIFT_VERSION = 5.0;
				TARGETED_DEVICE_FAMILY = "1,2";
			};
			name = Release;
		};
/* End XCBuildConfiguration section */

/* Begin XCConfigurationList section */
		DC4500072773E822001025F5 /* Build configuration list for PBXNativeTarget "Anime" */ = {
			isa = XCConfigurationList;
			buildConfigurations = (
				DC4500082773E822001025F5 /* Debug */,
				DC4500092773E822001025F5 /* Release */,
			);
			defaultConfigurationIsVisible = 0;
			defaultConfigurationName = Release;
		};
		DC45FFF42773E821001025F5 /* Build configuration list for PBXProject "Anime" */ = {
			isa = XCConfigurationList;
			buildConfigurations = (
				DC4500052773E822001025F5 /* Debug */,
				DC4500062773E822001025F5 /* Release */,
			);
			defaultConfigurationIsVisible = 0;
			defaultConfigurationName = Release;
		};
/* End XCConfigurationList section */
	};
	rootObject = DC45FFF12773E821001025F5 /* Project object */;
}
